// !$*UTF8*$!
{
	archiveVersion = 1;
	classes = {
	};
	objectVersion = 56;
	objects = {

/* Begin PBXBuildFile section */
		6C4A87D22BE25D260074E0A9 /* Deck+CoreDataClass.swift in Sources */ = {isa = PBXBuildFile; fileRef = 6C4A87D02BE25D260074E0A9 /* Deck+CoreDataClass.swift */; };
		6C4A87D32BE25D260074E0A9 /* Deck+CoreDataProperties.swift in Sources */ = {isa = PBXBuildFile; fileRef = 6C4A87D12BE25D260074E0A9 /* Deck+CoreDataProperties.swift */; };
		6C8184FE2B88C9580033CF46 /* WordAX.swift in Sources */ = {isa = PBXBuildFile; fileRef = 6C8184FD2B88C9580033CF46 /* WordAX.swift */; };
		6C8185002B88C9660033CF46 /* Miscellaneous.swift in Sources */ = {isa = PBXBuildFile; fileRef = 6C8184FF2B88C9660033CF46 /* Miscellaneous.swift */; };
		6C8185022B88C9FB0033CF46 /* SettingsView.swift in Sources */ = {isa = PBXBuildFile; fileRef = 6C8185012B88C9FB0033CF46 /* SettingsView.swift */; };
		6C8185042B88CA210033CF46 /* AnkiView.swift in Sources */ = {isa = PBXBuildFile; fileRef = 6C8185032B88CA210033CF46 /* AnkiView.swift */; };
		6C8185062B8A537F0033CF46 /* FlashCardView.swift in Sources */ = {isa = PBXBuildFile; fileRef = 6C8185052B8A537F0033CF46 /* FlashCardView.swift */; };
		6C8185082B8B523E0033CF46 /* NextRepetitionButtonView.swift in Sources */ = {isa = PBXBuildFile; fileRef = 6C8185072B8B523D0033CF46 /* NextRepetitionButtonView.swift */; };
		6C81850A2B8BA5740033CF46 /* FlashCardListView.swift in Sources */ = {isa = PBXBuildFile; fileRef = 6C8185092B8BA5740033CF46 /* FlashCardListView.swift */; };
		6C81850C2B8BA6BC0033CF46 /* FlashCardListRowView.swift in Sources */ = {isa = PBXBuildFile; fileRef = 6C81850B2B8BA6BC0033CF46 /* FlashCardListRowView.swift */; };
		6CEF7F522BC2DBF800E205F6 /* AddFlashCardView.swift in Sources */ = {isa = PBXBuildFile; fileRef = 6CEF7F512BC2DBF800E205F6 /* AddFlashCardView.swift */; };
		6CEF7F7D2BC457E600E205F6 /* DataController.swift in Sources */ = {isa = PBXBuildFile; fileRef = 6CEF7F7C2BC457E600E205F6 /* DataController.swift */; };
		6CEF7F812BC4694900E205F6 /* WordAXCD.xcdatamodeld in Sources */ = {isa = PBXBuildFile; fileRef = 6CEF7F7F2BC4694900E205F6 /* WordAXCD.xcdatamodeld */; };
		6CEF7F842BC46B5900E205F6 /* Flashcard+CoreDataClass.swift in Sources */ = {isa = PBXBuildFile; fileRef = 6CEF7F822BC46B5900E205F6 /* Flashcard+CoreDataClass.swift */; };
		6CEF7FA32BC88F6000E205F6 /* Flashcard+CoreDataProperties.swift in Sources */ = {isa = PBXBuildFile; fileRef = 6CEF7FA12BC88F6000E205F6 /* Flashcard+CoreDataProperties.swift */; };
		6CEF7FA62BC96F2B00E205F6 /* ButtonHStackView.swift in Sources */ = {isa = PBXBuildFile; fileRef = 6CEF7FA52BC96F2B00E205F6 /* ButtonHStackView.swift */; };
		6CF439522B83541D004C3543 /* WordAXApp.swift in Sources */ = {isa = PBXBuildFile; fileRef = 6CF439512B83541D004C3543 /* WordAXApp.swift */; };
		6CF439542B83541D004C3543 /* MainView.swift in Sources */ = {isa = PBXBuildFile; fileRef = 6CF439532B83541D004C3543 /* MainView.swift */; };
		6CF439562B83541E004C3543 /* Assets.xcassets in Resources */ = {isa = PBXBuildFile; fileRef = 6CF439552B83541E004C3543 /* Assets.xcassets */; };
		6CF439592B83541E004C3543 /* Preview Assets.xcassets in Resources */ = {isa = PBXBuildFile; fileRef = 6CF439582B83541E004C3543 /* Preview Assets.xcassets */; };
/* End PBXBuildFile section */

/* Begin PBXFileReference section */
		6C4A87D02BE25D260074E0A9 /* Deck+CoreDataClass.swift */ = {isa = PBXFileReference; lastKnownFileType = sourcecode.swift; path = "Deck+CoreDataClass.swift"; sourceTree = "<group>"; };
		6C4A87D12BE25D260074E0A9 /* Deck+CoreDataProperties.swift */ = {isa = PBXFileReference; lastKnownFileType = sourcecode.swift; path = "Deck+CoreDataProperties.swift"; sourceTree = "<group>"; };
		6C8184FD2B88C9580033CF46 /* WordAX.swift */ = {isa = PBXFileReference; lastKnownFileType = sourcecode.swift; path = WordAX.swift; sourceTree = "<group>"; };
		6C8184FF2B88C9660033CF46 /* Miscellaneous.swift */ = {isa = PBXFileReference; lastKnownFileType = sourcecode.swift; path = Miscellaneous.swift; sourceTree = "<group>"; };
		6C8185012B88C9FB0033CF46 /* SettingsView.swift */ = {isa = PBXFileReference; lastKnownFileType = sourcecode.swift; path = SettingsView.swift; sourceTree = "<group>"; };
		6C8185032B88CA210033CF46 /* AnkiView.swift */ = {isa = PBXFileReference; lastKnownFileType = sourcecode.swift; path = AnkiView.swift; sourceTree = "<group>"; };
		6C8185052B8A537F0033CF46 /* FlashCardView.swift */ = {isa = PBXFileReference; lastKnownFileType = sourcecode.swift; path = FlashCardView.swift; sourceTree = "<group>"; };
		6C8185072B8B523D0033CF46 /* NextRepetitionButtonView.swift */ = {isa = PBXFileReference; lastKnownFileType = sourcecode.swift; path = NextRepetitionButtonView.swift; sourceTree = "<group>"; };
		6C8185092B8BA5740033CF46 /* FlashCardListView.swift */ = {isa = PBXFileReference; lastKnownFileType = sourcecode.swift; path = FlashCardListView.swift; sourceTree = "<group>"; };
		6C81850B2B8BA6BC0033CF46 /* FlashCardListRowView.swift */ = {isa = PBXFileReference; lastKnownFileType = sourcecode.swift; path = FlashCardListRowView.swift; sourceTree = "<group>"; };
		6CD500B52BE15F6D002BF511 /* Info.plist */ = {isa = PBXFileReference; lastKnownFileType = text.plist; path = Info.plist; sourceTree = "<group>"; };
		6CEF7F512BC2DBF800E205F6 /* AddFlashCardView.swift */ = {isa = PBXFileReference; lastKnownFileType = sourcecode.swift; path = AddFlashCardView.swift; sourceTree = "<group>"; };
		6CEF7F7C2BC457E600E205F6 /* DataController.swift */ = {isa = PBXFileReference; lastKnownFileType = sourcecode.swift; path = DataController.swift; sourceTree = "<group>"; };
		6CEF7F802BC4694900E205F6 /* WordAX.xcdatamodel */ = {isa = PBXFileReference; lastKnownFileType = wrapper.xcdatamodel; path = WordAX.xcdatamodel; sourceTree = "<group>"; };
		6CEF7F822BC46B5900E205F6 /* Flashcard+CoreDataClass.swift */ = {isa = PBXFileReference; lastKnownFileType = sourcecode.swift; path = "Flashcard+CoreDataClass.swift"; sourceTree = "<group>"; };
		6CEF7F962BC6B45F00E205F6 /* WordAX0.0.1.xcdatamodel */ = {isa = PBXFileReference; lastKnownFileType = wrapper.xcdatamodel; path = WordAX0.0.1.xcdatamodel; sourceTree = "<group>"; };
		6CEF7F9F2BC88F3900E205F6 /* WordAX0.0.2.xcdatamodel */ = {isa = PBXFileReference; lastKnownFileType = wrapper.xcdatamodel; path = WordAX0.0.2.xcdatamodel; sourceTree = "<group>"; };
		6CEF7FA12BC88F6000E205F6 /* Flashcard+CoreDataProperties.swift */ = {isa = PBXFileReference; lastKnownFileType = sourcecode.swift; path = "Flashcard+CoreDataProperties.swift"; sourceTree = "<group>"; };
		6CEF7FA42BC95F0300E205F6 /* WordAX0.0.3.xcdatamodel */ = {isa = PBXFileReference; lastKnownFileType = wrapper.xcdatamodel; path = WordAX0.0.3.xcdatamodel; sourceTree = "<group>"; };
		6CEF7FA52BC96F2B00E205F6 /* ButtonHStackView.swift */ = {isa = PBXFileReference; lastKnownFileType = sourcecode.swift; path = ButtonHStackView.swift; sourceTree = "<group>"; };
		6CF12F1A2BDFF888000762CC /* WordAX0.0.4.xcdatamodel */ = {isa = PBXFileReference; lastKnownFileType = wrapper.xcdatamodel; path = WordAX0.0.4.xcdatamodel; sourceTree = "<group>"; };
		6CF4394E2B83541D004C3543 /* WordAX.app */ = {isa = PBXFileReference; explicitFileType = wrapper.application; includeInIndex = 0; path = WordAX.app; sourceTree = BUILT_PRODUCTS_DIR; };
		6CF439512B83541D004C3543 /* WordAXApp.swift */ = {isa = PBXFileReference; lastKnownFileType = sourcecode.swift; path = WordAXApp.swift; sourceTree = "<group>"; };
		6CF439532B83541D004C3543 /* MainView.swift */ = {isa = PBXFileReference; lastKnownFileType = sourcecode.swift; path = MainView.swift; sourceTree = "<group>"; };
		6CF439552B83541E004C3543 /* Assets.xcassets */ = {isa = PBXFileReference; lastKnownFileType = folder.assetcatalog; path = Assets.xcassets; sourceTree = "<group>"; };
		6CF439582B83541E004C3543 /* Preview Assets.xcassets */ = {isa = PBXFileReference; lastKnownFileType = folder.assetcatalog; path = "Preview Assets.xcassets"; sourceTree = "<group>"; };
/* End PBXFileReference section */

/* Begin PBXFrameworksBuildPhase section */
		6CF4394B2B83541D004C3543 /* Frameworks */ = {
			isa = PBXFrameworksBuildPhase;
			buildActionMask = 2147483647;
			files = (
			);
			runOnlyForDeploymentPostprocessing = 0;
		};
/* End PBXFrameworksBuildPhase section */

/* Begin PBXGroup section */
		6C4632342BC2D99E003ED0E9 /* Views */ = {
			isa = PBXGroup;
			children = (
				6CD2D7C92BE26FFB0079C4FA /* Deck */,
				6CD2D7C82BE26FD20079C4FA /* Anki */,
				6CD2D7C62BE26FB30079C4FA /* Flashcards */,
				6CF439532B83541D004C3543 /* MainView.swift */,
				6C8185012B88C9FB0033CF46 /* SettingsView.swift */,
			);
			path = Views;
			sourceTree = "<group>";
		};
		6CD2D7C62BE26FB30079C4FA /* Flashcards */ = {
			isa = PBXGroup;
			children = (
				6C8185092B8BA5740033CF46 /* FlashCardListView.swift */,
				6C81850B2B8BA6BC0033CF46 /* FlashCardListRowView.swift */,
				6C8185052B8A537F0033CF46 /* FlashCardView.swift */,
				6CEF7F512BC2DBF800E205F6 /* AddFlashCardView.swift */,
			);
			path = Flashcards;
			sourceTree = "<group>";
		};
		6CD2D7C82BE26FD20079C4FA /* Anki */ = {
			isa = PBXGroup;
			children = (
				6C8185032B88CA210033CF46 /* AnkiView.swift */,
				6CEF7FA52BC96F2B00E205F6 /* ButtonHStackView.swift */,
				6C8185072B8B523D0033CF46 /* NextRepetitionButtonView.swift */,
			);
			path = Anki;
			sourceTree = "<group>";
		};
		6CD2D7C92BE26FFB0079C4FA /* Deck */ = {
			isa = PBXGroup;
			children = (
			);
			path = Deck;
			sourceTree = "<group>";
		};
		6CD929862BE25B4600C2EB84 /* Deck */ = {
			isa = PBXGroup;
			children = (
				6C4A87D02BE25D260074E0A9 /* Deck+CoreDataClass.swift */,
				6C4A87D12BE25D260074E0A9 /* Deck+CoreDataProperties.swift */,
			);
			path = Deck;
			sourceTree = "<group>";
		};
		6CD929872BE25B5100C2EB84 /* Flashcard */ = {
			isa = PBXGroup;
			children = (
				6CEF7F822BC46B5900E205F6 /* Flashcard+CoreDataClass.swift */,
				6CEF7FA12BC88F6000E205F6 /* Flashcard+CoreDataProperties.swift */,
			);
			path = Flashcard;
			sourceTree = "<group>";
		};
		6CEF7F7B2BC456A100E205F6 /* Model */ = {
			isa = PBXGroup;
			children = (
				6CD929872BE25B5100C2EB84 /* Flashcard */,
				6CD929862BE25B4600C2EB84 /* Deck */,
				6CEF7F7C2BC457E600E205F6 /* DataController.swift */,
				6CEF7F7F2BC4694900E205F6 /* WordAXCD.xcdatamodeld */,
			);
			path = Model;
			sourceTree = "<group>";
		};
		6CF439452B83541D004C3543 = {
			isa = PBXGroup;
			children = (
				6CF439502B83541D004C3543 /* WordAX */,
				6CF4394F2B83541D004C3543 /* Products */,
			);
			sourceTree = "<group>";
		};
		6CF4394F2B83541D004C3543 /* Products */ = {
			isa = PBXGroup;
			children = (
				6CF4394E2B83541D004C3543 /* WordAX.app */,
			);
			name = Products;
			sourceTree = "<group>";
		};
		6CF439502B83541D004C3543 /* WordAX */ = {
			isa = PBXGroup;
			children = (
				6CD500B52BE15F6D002BF511 /* Info.plist */,
				6CEF7F7B2BC456A100E205F6 /* Model */,
				6CF439512B83541D004C3543 /* WordAXApp.swift */,
				6C4632342BC2D99E003ED0E9 /* Views */,
				6C8184FD2B88C9580033CF46 /* WordAX.swift */,
				6C8184FF2B88C9660033CF46 /* Miscellaneous.swift */,
				6CF439552B83541E004C3543 /* Assets.xcassets */,
				6CF439572B83541E004C3543 /* Preview Content */,
			);
			path = WordAX;
			sourceTree = "<group>";
		};
		6CF439572B83541E004C3543 /* Preview Content */ = {
			isa = PBXGroup;
			children = (
				6CF439582B83541E004C3543 /* Preview Assets.xcassets */,
			);
			path = "Preview Content";
			sourceTree = "<group>";
		};
/* End PBXGroup section */

/* Begin PBXNativeTarget section */
		6CF4394D2B83541D004C3543 /* WordAX */ = {
			isa = PBXNativeTarget;
			buildConfigurationList = 6CF4395C2B83541E004C3543 /* Build configuration list for PBXNativeTarget "WordAX" */;
			buildPhases = (
				6CF4394A2B83541D004C3543 /* Sources */,
				6CF4394B2B83541D004C3543 /* Frameworks */,
				6CF4394C2B83541D004C3543 /* Resources */,
			);
			buildRules = (
			);
			dependencies = (
			);
			name = WordAX;
			productName = WordAX;
			productReference = 6CF4394E2B83541D004C3543 /* WordAX.app */;
			productType = "com.apple.product-type.application";
		};
/* End PBXNativeTarget section */

/* Begin PBXProject section */
		6CF439462B83541D004C3543 /* Project object */ = {
			isa = PBXProject;
			attributes = {
				BuildIndependentTargetsInParallel = 1;
				LastSwiftUpdateCheck = 1520;
				LastUpgradeCheck = 1520;
				TargetAttributes = {
					6CF4394D2B83541D004C3543 = {
						CreatedOnToolsVersion = 15.2;
					};
				};
			};
			buildConfigurationList = 6CF439492B83541D004C3543 /* Build configuration list for PBXProject "WordAX" */;
			compatibilityVersion = "Xcode 14.0";
			developmentRegion = en;
			hasScannedForEncodings = 0;
			knownRegions = (
				en,
				Base,
			);
			mainGroup = 6CF439452B83541D004C3543;
			productRefGroup = 6CF4394F2B83541D004C3543 /* Products */;
			projectDirPath = "";
			projectRoot = "";
			targets = (
				6CF4394D2B83541D004C3543 /* WordAX */,
			);
		};
/* End PBXProject section */

/* Begin PBXResourcesBuildPhase section */
		6CF4394C2B83541D004C3543 /* Resources */ = {
			isa = PBXResourcesBuildPhase;
			buildActionMask = 2147483647;
			files = (
				6CF439592B83541E004C3543 /* Preview Assets.xcassets in Resources */,
				6CF439562B83541E004C3543 /* Assets.xcassets in Resources */,
			);
			runOnlyForDeploymentPostprocessing = 0;
		};
/* End PBXResourcesBuildPhase section */

/* Begin PBXSourcesBuildPhase section */
		6CF4394A2B83541D004C3543 /* Sources */ = {
			isa = PBXSourcesBuildPhase;
			buildActionMask = 2147483647;
			files = (
				6C8185022B88C9FB0033CF46 /* SettingsView.swift in Sources */,
				6CF439542B83541D004C3543 /* MainView.swift in Sources */,
				6C8185082B8B523E0033CF46 /* NextRepetitionButtonView.swift in Sources */,
				6C8185062B8A537F0033CF46 /* FlashCardView.swift in Sources */,
				6CEF7FA32BC88F6000E205F6 /* Flashcard+CoreDataProperties.swift in Sources */,
				6C81850A2B8BA5740033CF46 /* FlashCardListView.swift in Sources */,
				6CEF7FA62BC96F2B00E205F6 /* ButtonHStackView.swift in Sources */,
				6C8185002B88C9660033CF46 /* Miscellaneous.swift in Sources */,
				6C8185042B88CA210033CF46 /* AnkiView.swift in Sources */,
				6CEF7F7D2BC457E600E205F6 /* DataController.swift in Sources */,
				6CF439522B83541D004C3543 /* WordAXApp.swift in Sources */,
				6CEF7F522BC2DBF800E205F6 /* AddFlashCardView.swift in Sources */,
				6C8184FE2B88C9580033CF46 /* WordAX.swift in Sources */,
				6C4A87D22BE25D260074E0A9 /* Deck+CoreDataClass.swift in Sources */,
				6C4A87D32BE25D260074E0A9 /* Deck+CoreDataProperties.swift in Sources */,
				6CEF7F812BC4694900E205F6 /* WordAXCD.xcdatamodeld in Sources */,
				6C81850C2B8BA6BC0033CF46 /* FlashCardListRowView.swift in Sources */,
				6CEF7F842BC46B5900E205F6 /* Flashcard+CoreDataClass.swift in Sources */,
			);
			runOnlyForDeploymentPostprocessing = 0;
		};
/* End PBXSourcesBuildPhase section */

/* Begin XCBuildConfiguration section */
		6CF4395A2B83541E004C3543 /* Debug */ = {
			isa = XCBuildConfiguration;
			buildSettings = {
				ALWAYS_SEARCH_USER_PATHS = NO;
				ASSETCATALOG_COMPILER_GENERATE_SWIFT_ASSET_SYMBOL_EXTENSIONS = YES;
				CLANG_ANALYZER_NONNULL = YES;
				CLANG_ANALYZER_NUMBER_OBJECT_CONVERSION = YES_AGGRESSIVE;
				CLANG_CXX_LANGUAGE_STANDARD = "gnu++20";
				CLANG_ENABLE_MODULES = YES;
				CLANG_ENABLE_OBJC_ARC = YES;
				CLANG_ENABLE_OBJC_WEAK = YES;
				CLANG_WARN_BLOCK_CAPTURE_AUTORELEASING = YES;
				CLANG_WARN_BOOL_CONVERSION = YES;
				CLANG_WARN_COMMA = YES;
				CLANG_WARN_CONSTANT_CONVERSION = YES;
				CLANG_WARN_DEPRECATED_OBJC_IMPLEMENTATIONS = YES;
				CLANG_WARN_DIRECT_OBJC_ISA_USAGE = YES_ERROR;
				CLANG_WARN_DOCUMENTATION_COMMENTS = YES;
				CLANG_WARN_EMPTY_BODY = YES;
				CLANG_WARN_ENUM_CONVERSION = YES;
				CLANG_WARN_INFINITE_RECURSION = YES;
				CLANG_WARN_INT_CONVERSION = YES;
				CLANG_WARN_NON_LITERAL_NULL_CONVERSION = YES;
				CLANG_WARN_OBJC_IMPLICIT_RETAIN_SELF = YES;
				CLANG_WARN_OBJC_LITERAL_CONVERSION = YES;
				CLANG_WARN_OBJC_ROOT_CLASS = YES_ERROR;
				CLANG_WARN_QUOTED_INCLUDE_IN_FRAMEWORK_HEADER = YES;
				CLANG_WARN_RANGE_LOOP_ANALYSIS = YES;
				CLANG_WARN_STRICT_PROTOTYPES = YES;
				CLANG_WARN_SUSPICIOUS_MOVE = YES;
				CLANG_WARN_UNGUARDED_AVAILABILITY = YES_AGGRESSIVE;
				CLANG_WARN_UNREACHABLE_CODE = YES;
				CLANG_WARN__DUPLICATE_METHOD_MATCH = YES;
				COPY_PHASE_STRIP = NO;
				DEBUG_INFORMATION_FORMAT = dwarf;
				ENABLE_STRICT_OBJC_MSGSEND = YES;
				ENABLE_TESTABILITY = YES;
				ENABLE_USER_SCRIPT_SANDBOXING = YES;
				GCC_C_LANGUAGE_STANDARD = gnu17;
				GCC_DYNAMIC_NO_PIC = NO;
				GCC_NO_COMMON_BLOCKS = YES;
				GCC_OPTIMIZATION_LEVEL = 0;
				GCC_PREPROCESSOR_DEFINITIONS = (
					"DEBUG=1",
					"$(inherited)",
				);
				GCC_WARN_64_TO_32_BIT_CONVERSION = YES;
				GCC_WARN_ABOUT_RETURN_TYPE = YES_ERROR;
				GCC_WARN_UNDECLARED_SELECTOR = YES;
				GCC_WARN_UNINITIALIZED_AUTOS = YES_AGGRESSIVE;
				GCC_WARN_UNUSED_FUNCTION = YES;
				GCC_WARN_UNUSED_VARIABLE = YES;
				IPHONEOS_DEPLOYMENT_TARGET = 17.2;
				LOCALIZATION_PREFERS_STRING_CATALOGS = YES;
				MTL_ENABLE_DEBUG_INFO = INCLUDE_SOURCE;
				MTL_FAST_MATH = YES;
				ONLY_ACTIVE_ARCH = YES;
				SDKROOT = iphoneos;
				SWIFT_ACTIVE_COMPILATION_CONDITIONS = "DEBUG $(inherited)";
				SWIFT_OPTIMIZATION_LEVEL = "-Onone";
			};
			name = Debug;
		};
		6CF4395B2B83541E004C3543 /* Release */ = {
			isa = XCBuildConfiguration;
			buildSettings = {
				ALWAYS_SEARCH_USER_PATHS = NO;
				ASSETCATALOG_COMPILER_GENERATE_SWIFT_ASSET_SYMBOL_EXTENSIONS = YES;
				CLANG_ANALYZER_NONNULL = YES;
				CLANG_ANALYZER_NUMBER_OBJECT_CONVERSION = YES_AGGRESSIVE;
				CLANG_CXX_LANGUAGE_STANDARD = "gnu++20";
				CLANG_ENABLE_MODULES = YES;
				CLANG_ENABLE_OBJC_ARC = YES;
				CLANG_ENABLE_OBJC_WEAK = YES;
				CLANG_WARN_BLOCK_CAPTURE_AUTORELEASING = YES;
				CLANG_WARN_BOOL_CONVERSION = YES;
				CLANG_WARN_COMMA = YES;
				CLANG_WARN_CONSTANT_CONVERSION = YES;
				CLANG_WARN_DEPRECATED_OBJC_IMPLEMENTATIONS = YES;
				CLANG_WARN_DIRECT_OBJC_ISA_USAGE = YES_ERROR;
				CLANG_WARN_DOCUMENTATION_COMMENTS = YES;
				CLANG_WARN_EMPTY_BODY = YES;
				CLANG_WARN_ENUM_CONVERSION = YES;
				CLANG_WARN_INFINITE_RECURSION = YES;
				CLANG_WARN_INT_CONVERSION = YES;
				CLANG_WARN_NON_LITERAL_NULL_CONVERSION = YES;
				CLANG_WARN_OBJC_IMPLICIT_RETAIN_SELF = YES;
				CLANG_WARN_OBJC_LITERAL_CONVERSION = YES;
				CLANG_WARN_OBJC_ROOT_CLASS = YES_ERROR;
				CLANG_WARN_QUOTED_INCLUDE_IN_FRAMEWORK_HEADER = YES;
				CLANG_WARN_RANGE_LOOP_ANALYSIS = YES;
				CLANG_WARN_STRICT_PROTOTYPES = YES;
				CLANG_WARN_SUSPICIOUS_MOVE = YES;
				CLANG_WARN_UNGUARDED_AVAILABILITY = YES_AGGRESSIVE;
				CLANG_WARN_UNREACHABLE_CODE = YES;
				CLANG_WARN__DUPLICATE_METHOD_MATCH = YES;
				COPY_PHASE_STRIP = NO;
				DEBUG_INFORMATION_FORMAT = "dwarf-with-dsym";
				ENABLE_NS_ASSERTIONS = NO;
				ENABLE_STRICT_OBJC_MSGSEND = YES;
				ENABLE_USER_SCRIPT_SANDBOXING = YES;
				GCC_C_LANGUAGE_STANDARD = gnu17;
				GCC_NO_COMMON_BLOCKS = YES;
				GCC_WARN_64_TO_32_BIT_CONVERSION = YES;
				GCC_WARN_ABOUT_RETURN_TYPE = YES_ERROR;
				GCC_WARN_UNDECLARED_SELECTOR = YES;
				GCC_WARN_UNINITIALIZED_AUTOS = YES_AGGRESSIVE;
				GCC_WARN_UNUSED_FUNCTION = YES;
				GCC_WARN_UNUSED_VARIABLE = YES;
				IPHONEOS_DEPLOYMENT_TARGET = 17.2;
				LOCALIZATION_PREFERS_STRING_CATALOGS = YES;
				MTL_ENABLE_DEBUG_INFO = NO;
				MTL_FAST_MATH = YES;
				SDKROOT = iphoneos;
				SWIFT_COMPILATION_MODE = wholemodule;
				VALIDATE_PRODUCT = YES;
			};
			name = Release;
		};
		6CF4395D2B83541E004C3543 /* Debug */ = {
			isa = XCBuildConfiguration;
			buildSettings = {
				ASSETCATALOG_COMPILER_APPICON_NAME = AppIcon;
				ASSETCATALOG_COMPILER_GLOBAL_ACCENT_COLOR_NAME = AccentColor;
				CODE_SIGN_STYLE = Automatic;
				CURRENT_PROJECT_VERSION = 1;
				DEVELOPMENT_ASSET_PATHS = "\"WordAX/Preview Content\"";
				DEVELOPMENT_TEAM = SSJBLTMP95;
				ENABLE_PREVIEWS = YES;
				GENERATE_INFOPLIST_FILE = YES;
				INFOPLIST_FILE = WordAX/Info.plist;
				INFOPLIST_KEY_UIApplicationSceneManifest_Generation = YES;
				INFOPLIST_KEY_UIApplicationSupportsIndirectInputEvents = YES;
				INFOPLIST_KEY_UILaunchScreen_Generation = YES;
				INFOPLIST_KEY_UISupportedInterfaceOrientations_iPad = "UIInterfaceOrientationPortrait UIInterfaceOrientationPortraitUpsideDown UIInterfaceOrientationLandscapeLeft UIInterfaceOrientationLandscapeRight";
				INFOPLIST_KEY_UISupportedInterfaceOrientations_iPhone = "UIInterfaceOrientationPortrait UIInterfaceOrientationLandscapeLeft UIInterfaceOrientationLandscapeRight";
				LD_RUNPATH_SEARCH_PATHS = (
					"$(inherited)",
					"@executable_path/Frameworks",
				);
				MARKETING_VERSION = 1.0;
				PRODUCT_BUNDLE_IDENTIFIER = oliverhnat.WordAX;
				PRODUCT_NAME = "$(TARGET_NAME)";
				SWIFT_EMIT_LOC_STRINGS = YES;
				SWIFT_VERSION = 5.0;
				TARGETED_DEVICE_FAMILY = "1,2";
			};
			name = Debug;
		};
		6CF4395E2B83541E004C3543 /* Release */ = {
			isa = XCBuildConfiguration;
			buildSettings = {
				ASSETCATALOG_COMPILER_APPICON_NAME = AppIcon;
				ASSETCATALOG_COMPILER_GLOBAL_ACCENT_COLOR_NAME = AccentColor;
				CODE_SIGN_STYLE = Automatic;
				CURRENT_PROJECT_VERSION = 1;
				DEVELOPMENT_ASSET_PATHS = "\"WordAX/Preview Content\"";
				DEVELOPMENT_TEAM = SSJBLTMP95;
				ENABLE_PREVIEWS = YES;
				GENERATE_INFOPLIST_FILE = YES;
				INFOPLIST_FILE = WordAX/Info.plist;
				INFOPLIST_KEY_UIApplicationSceneManifest_Generation = YES;
				INFOPLIST_KEY_UIApplicationSupportsIndirectInputEvents = YES;
				INFOPLIST_KEY_UILaunchScreen_Generation = YES;
				INFOPLIST_KEY_UISupportedInterfaceOrientations_iPad = "UIInterfaceOrientationPortrait UIInterfaceOrientationPortraitUpsideDown UIInterfaceOrientationLandscapeLeft UIInterfaceOrientationLandscapeRight";
				INFOPLIST_KEY_UISupportedInterfaceOrientations_iPhone = "UIInterfaceOrientationPortrait UIInterfaceOrientationLandscapeLeft UIInterfaceOrientationLandscapeRight";
				LD_RUNPATH_SEARCH_PATHS = (
					"$(inherited)",
					"@executable_path/Frameworks",
				);
				MARKETING_VERSION = 1.0;
				PRODUCT_BUNDLE_IDENTIFIER = oliverhnat.WordAX;
				PRODUCT_NAME = "$(TARGET_NAME)";
				SWIFT_EMIT_LOC_STRINGS = YES;
				SWIFT_VERSION = 5.0;
				TARGETED_DEVICE_FAMILY = "1,2";
			};
			name = Release;
		};
/* End XCBuildConfiguration section */

/* Begin XCConfigurationList section */
		6CF439492B83541D004C3543 /* Build configuration list for PBXProject "WordAX" */ = {
			isa = XCConfigurationList;
			buildConfigurations = (
				6CF4395A2B83541E004C3543 /* Debug */,
				6CF4395B2B83541E004C3543 /* Release */,
			);
			defaultConfigurationIsVisible = 0;
			defaultConfigurationName = Release;
		};
		6CF4395C2B83541E004C3543 /* Build configuration list for PBXNativeTarget "WordAX" */ = {
			isa = XCConfigurationList;
			buildConfigurations = (
				6CF4395D2B83541E004C3543 /* Debug */,
				6CF4395E2B83541E004C3543 /* Release */,
			);
			defaultConfigurationIsVisible = 0;
			defaultConfigurationName = Release;
		};
/* End XCConfigurationList section */

/* Begin XCVersionGroup section */
		6CEF7F7F2BC4694900E205F6 /* WordAXCD.xcdatamodeld */ = {
			isa = XCVersionGroup;
			children = (
				6CF12F1A2BDFF888000762CC /* WordAX0.0.4.xcdatamodel */,
				6CEF7FA42BC95F0300E205F6 /* WordAX0.0.3.xcdatamodel */,
				6CEF7F9F2BC88F3900E205F6 /* WordAX0.0.2.xcdatamodel */,
				6CEF7F962BC6B45F00E205F6 /* WordAX0.0.1.xcdatamodel */,
				6CEF7F802BC4694900E205F6 /* WordAX.xcdatamodel */,
			);
			currentVersion = 6CF12F1A2BDFF888000762CC /* WordAX0.0.4.xcdatamodel */;
			path = WordAXCD.xcdatamodeld;
			sourceTree = "<group>";
			versionGroupType = wrapper.xcdatamodel;
		};
/* End XCVersionGroup section */
	};
	rootObject = 6CF439462B83541D004C3543 /* Project object */;
}
